
Microsoft Visual Studio Solution File, Format Version 12.00
# Visual Studio Version 17
VisualStudioVersion = 17.11.34929.205
MinimumVisualStudioVersion = 10.0.40219.1
Project("{FAE04EC0-301F-11D3-BF4B-00C04F79EFBC}") = "TargetSistemas.Faturamento", "TargetSistemas.Faturamento\TargetSistemas.Faturamento.csproj", "{92FFAFEB-058F-4FFB-9389-BE79E2E3BD71}"
EndProject
Global
	GlobalSection(SolutionConfigurationPlatforms) = preSolution
		Debug|Any CPU = Debug|Any CPU
		Release|Any CPU = Release|Any CPU
	EndGlobalSection
	GlobalSection(ProjectConfigurationPlatforms) = postSolution
		{92FFAFEB-058F-4FFB-9389-BE79E2E3BD71}.Debug|Any CPU.ActiveCfg = Debug|Any CPU
		{92FFAFEB-058F-4FFB-9389-BE79E2E3BD71}.Debug|Any CPU.Build.0 = Debug|Any CPU
		{92FFAFEB-058F-4FFB-9389-BE79E2E3BD71}.Release|Any CPU.ActiveCfg = Release|Any CPU
		{92FFAFEB-058F-4FFB-9389-BE79E2E3BD71}.Release|Any CPU.Build.0 = Release|Any CPU
	EndGlobalSection
	GlobalSection(SolutionProperties) = preSolution
		HideSolutionNode = FALSE
	EndGlobalSection
	GlobalSection(ExtensibilityGlobals) = postSolution
		SolutionGuid = {FD1C7C34-60AE-4A98-BA25-E3E64EC45015}
	EndGlobalSection
EndGlobal
